
Microsoft Visual Studio Solution File, Format Version 12.00
# Visual Studio Version 17
VisualStudioVersion = 17.11.35219.272
MinimumVisualStudioVersion = 10.0.40219.1
Project("{FAE04EC0-301F-11D3-BF4B-00C04F79EFBC}") = "Muzan", "Muzan\Muzan.csproj", "{D8CFD597-BBE7-42C9-A24F-0AD72473A8D7}"
EndProject
Global
	GlobalSection(SolutionConfigurationPlatforms) = preSolution
		Debug|Any CPU = Debug|Any CPU
		Release|Any CPU = Release|Any CPU
	EndGlobalSection
	GlobalSection(ProjectConfigurationPlatforms) = postSolution
		{D8CFD597-BBE7-42C9-A24F-0AD72473A8D7}.Debug|Any CPU.ActiveCfg = Debug|Any CPU
		{D8CFD597-BBE7-42C9-A24F-0AD72473A8D7}.Debug|Any CPU.Build.0 = Debug|Any CPU
		{D8CFD597-BBE7-42C9-A24F-0AD72473A8D7}.Release|Any CPU.ActiveCfg = Release|Any CPU
		{D8CFD597-BBE7-42C9-A24F-0AD72473A8D7}.Release|Any CPU.Build.0 = Release|Any CPU
	EndGlobalSection
	GlobalSection(SolutionProperties) = preSolution
		HideSolutionNode = FALSE
	EndGlobalSection
	GlobalSection(ExtensibilityGlobals) = postSolution
		SolutionGuid = {4EA9DDF0-78B2-4438-ABF0-AC6608E99526}
	EndGlobalSection
EndGlobal
